# This file is generated by running "yarn install" inside your project.
# Manual changes might be lost - proceed with caution!

__metadata:
  version: 8
  cacheKey: 10c0

"@mbarlocker/typescript-config@workspace:.":
  version: 0.0.0-use.local
  resolution: "@mbarlocker/typescript-config@workspace:."
  dependencies:
    "@tsconfig/recommended": "npm:^1.0.7"
    "@types/lodash": "npm:^4.17.7"
    "@types/node": "npm:^20.14.11"
    lodash: "npm:^4.17.21"
    ts-essentials: "npm:^10.0.1"
    tslib: "npm:^2.6.3"
    typescript: "npm:^5.5.3"
  languageName: unknown
  linkType: soft

"@tsconfig/recommended@npm:^1.0.7":
  version: 1.0.7
  resolution: "@tsconfig/recommended@npm:1.0.7"
  checksum: 10c0/54bdf928a779fa8f3734373b367017e5a9be55230d51df36d0a0a05487eebe05f6bd5072e4db36ebd61e06b34072b2ac4a8002a9cd3ce6c8777073cf0c251c6b
  languageName: node
  linkType: hard

"@types/lodash@npm:^4.17.7":
  version: 4.17.7
  resolution: "@types/lodash@npm:4.17.7"
  checksum: 10c0/40c965b5ffdcf7ff5c9105307ee08b782da228c01b5c0529122c554c64f6b7168fc8f11dc79aa7bae4e67e17efafaba685dc3a47e294dbf52a65ed2b67100561
  languageName: node
  linkType: hard

"@types/node@npm:^20.14.11":
  version: 20.14.12
  resolution: "@types/node@npm:20.14.12"
  dependencies:
    undici-types: "npm:~5.26.4"
  checksum: 10c0/59bc5fa11fdd23fd517f859063118f54a1ab53d3399ef63c926f8902429d7453abc0db22ef4b0a6110026b6ab81b6472fee894e1d235c24b01a0b3e10cfae0bb
  languageName: node
  linkType: hard

"lodash@npm:^4.17.21":
  version: 4.17.21
  resolution: "lodash@npm:4.17.21"
  checksum: 10c0/d8cbea072bb08655bb4c989da418994b073a608dffa608b09ac04b43a791b12aeae7cd7ad919aa4c925f33b48490b5cfe6c1f71d827956071dae2e7bb3a6b74c
  languageName: node
  linkType: hard

"ts-essentials@npm:^10.0.1":
  version: 10.0.1
  resolution: "ts-essentials@npm:10.0.1"
  peerDependencies:
    typescript: ">=4.5.0"
  peerDependenciesMeta:
    typescript:
      optional: true
  checksum: 10c0/bc412ae9dafc97a7ab51c63743628d58cc9e7f4f7449d8c89ccb04f50502d04c3dd35a6dea94dbaab2845b856f198a8eb2e8d93e897218d1eb810ca826c1b080
  languageName: node
  linkType: hard

"tslib@npm:^2.6.3":
  version: 2.6.3
  resolution: "tslib@npm:2.6.3"
  checksum: 10c0/2598aef53d9dbe711af75522464b2104724d6467b26a60f2bdac8297d2b5f1f6b86a71f61717384aa8fd897240467aaa7bcc36a0700a0faf751293d1331db39a
  languageName: node
  linkType: hard

"typescript@npm:^5.5.3":
  version: 5.5.4
  resolution: "typescript@npm:5.5.4"
  bin:
    tsc: bin/tsc
    tsserver: bin/tsserver
  checksum: 10c0/422be60f89e661eab29ac488c974b6cc0a660fb2228003b297c3d10c32c90f3bcffc1009b43876a082515a3c376b1eefcce823d6e78982e6878408b9a923199c
  languageName: node
  linkType: hard

"typescript@patch:typescript@npm%3A^5.5.3#optional!builtin<compat/typescript>":
  version: 5.5.4
  resolution: "typescript@patch:typescript@npm%3A5.5.4#optional!builtin<compat/typescript>::version=5.5.4&hash=379a07"
  bin:
    tsc: bin/tsc
    tsserver: bin/tsserver
  checksum: 10c0/73409d7b9196a5a1217b3aaad929bf76294d3ce7d6e9766dd880ece296ee91cf7d7db6b16c6c6c630ee5096eccde726c0ef17c7dfa52b01a243e57ae1f09ef07
  languageName: node
  linkType: hard

"undici-types@npm:~5.26.4":
  version: 5.26.5
  resolution: "undici-types@npm:5.26.5"
  checksum: 10c0/bb673d7876c2d411b6eb6c560e0c571eef4a01c1c19925175d16e3a30c4c428181fb8d7ae802a261f283e4166a0ac435e2f505743aa9e45d893f9a3df017b501
  languageName: node
  linkType: hard
